
Microsoft Visual Studio Solution File, Format Version 12.00
# Visual Studio Version 16
VisualStudioVersion = 16.0.30204.135
MinimumVisualStudioVersion = 10.0.40219.1
Project("{F2A71F9B-5D33-465A-A702-920D77279786}") = "PeskyBird", "PeskyBird\PeskyBird.fsproj", "{9DBBC188-A5EC-4DB8-963C-21BA081B4D86}"
EndProject
Global
	GlobalSection(SolutionConfigurationPlatforms) = preSolution
		Debug|Any CPU = Debug|Any CPU
		Release|Any CPU = Release|Any CPU
	EndGlobalSection
	GlobalSection(ProjectConfigurationPlatforms) = postSolution
		{9DBBC188-A5EC-4DB8-963C-21BA081B4D86}.Debug|Any CPU.ActiveCfg = Debug|Any CPU
		{9DBBC188-A5EC-4DB8-963C-21BA081B4D86}.Debug|Any CPU.Build.0 = Debug|Any CPU
		{9DBBC188-A5EC-4DB8-963C-21BA081B4D86}.Release|Any CPU.ActiveCfg = Release|Any CPU
		{9DBBC188-A5EC-4DB8-963C-21BA081B4D86}.Release|Any CPU.Build.0 = Release|Any CPU
	EndGlobalSection
	GlobalSection(SolutionProperties) = preSolution
		HideSolutionNode = FALSE
	EndGlobalSection
	GlobalSection(ExtensibilityGlobals) = postSolution
		SolutionGuid = {996607D1-9161-4F34-8C5F-F927D538BA2E}
	EndGlobalSection
EndGlobal
